
Microsoft Visual Studio Solution File, Format Version 12.00
# Visual Studio 2013
VisualStudioVersion = 12.0.31101.0
MinimumVisualStudioVersion = 10.0.40219.1
Project("{FAE04EC0-301F-11D3-BF4B-00C04F79EFBC}") = "OneSignalExampleWP8.0", "OneSignalExampleWP8.0\OneSignalExampleWP8.0.csproj", "{FC85ABE3-6CC1-4B66-88F0-507482467E28}"
EndProject
Project("{FAE04EC0-301F-11D3-BF4B-00C04F79EFBC}") = "OneSignalSDK_WP8.0", "OneSignalSDK_WP8.0\OneSignalSDK_WP8.0.csproj", "{9097BBF0-E6EF-4FB6-BF08-07E72A48C66F}"
EndProject
Project("{FAE04EC0-301F-11D3-BF4B-00C04F79EFBC}") = "OneSignalWP8.0UnityShell", "OneSignalWP8.0UnityShell\OneSignalWP8.0UnityShell.csproj", "{992B3562-C8A3-438B-805E-B9A7BC6FC3A2}"
EndProject
Project("{FAE04EC0-301F-11D3-BF4B-00C04F79EFBC}") = "OneSignalExample_WP8.1", "OneSignalExample_WP8.1\OneSignalExample_WP8.1.csproj", "{898A87BF-2D7E-4784-8055-07FBCCB81B23}"
	ProjectSection(ProjectDependencies) = postProject
		{B1215AF9-3D3A-47A2-AE58-BB8C5877AA12} = {B1215AF9-3D3A-47A2-AE58-BB8C5877AA12}
	EndProjectSection
EndProject
Project("{FAE04EC0-301F-11D3-BF4B-00C04F79EFBC}") = "OneSignalSDK_WP_WNS", "OneSignalSDK_WP_WNS\OneSignalSDK_WP_WNS.csproj", "{B1215AF9-3D3A-47A2-AE58-BB8C5877AA12}"
EndProject
Project("{FAE04EC0-301F-11D3-BF4B-00C04F79EFBC}") = "OneSignalWP_WNS_UnityShell", "OneSignalWP_WNS_UnityShell\OneSignalWP_WNS_UnityShell.csproj", "{7F038195-43EA-4DEF-BA45-F706239ABED9}"
EndProject
Global
	GlobalSection(SolutionConfigurationPlatforms) = preSolution
		Debug|Any CPU = Debug|Any CPU
		Debug|ARM = Debug|ARM
		Debug|Mixed Platforms = Debug|Mixed Platforms
		Debug|x86 = Debug|x86
		Release|Any CPU = Release|Any CPU
		Release|ARM = Release|ARM
		Release|Mixed Platforms = Release|Mixed Platforms
		Release|x86 = Release|x86
	EndGlobalSection
	GlobalSection(ProjectConfigurationPlatforms) = postSolution
		{FC85ABE3-6CC1-4B66-88F0-507482467E28}.Debug|Any CPU.ActiveCfg = Debug|Any CPU
		{FC85ABE3-6CC1-4B66-88F0-507482467E28}.Debug|Any CPU.Build.0 = Debug|Any CPU
		{FC85ABE3-6CC1-4B66-88F0-507482467E28}.Debug|Any CPU.Deploy.0 = Debug|Any CPU
		{FC85ABE3-6CC1-4B66-88F0-507482467E28}.Debug|ARM.ActiveCfg = Debug|ARM
		{FC85ABE3-6CC1-4B66-88F0-507482467E28}.Debug|ARM.Build.0 = Debug|ARM
		{FC85ABE3-6CC1-4B66-88F0-507482467E28}.Debug|ARM.Deploy.0 = Debug|ARM
		{FC85ABE3-6CC1-4B66-88F0-507482467E28}.Debug|Mixed Platforms.ActiveCfg = Debug|x86
		{FC85ABE3-6CC1-4B66-88F0-507482467E28}.Debug|Mixed Platforms.Build.0 = Debug|x86
		{FC85ABE3-6CC1-4B66-88F0-507482467E28}.Debug|Mixed Platforms.Deploy.0 = Debug|x86
		{FC85ABE3-6CC1-4B66-88F0-507482467E28}.Debug|x86.ActiveCfg = Debug|x86
		{FC85ABE3-6CC1-4B66-88F0-507482467E28}.Debug|x86.Build.0 = Debug|x86
		{FC85ABE3-6CC1-4B66-88F0-507482467E28}.Debug|x86.Deploy.0 = Debug|x86
		{FC85ABE3-6CC1-4B66-88F0-507482467E28}.Release|Any CPU.ActiveCfg = Release|Any CPU
		{FC85ABE3-6CC1-4B66-88F0-507482467E28}.Release|Any CPU.Build.0 = Release|Any CPU
		{FC85ABE3-6CC1-4B66-88F0-507482467E28}.Release|Any CPU.Deploy.0 = Release|Any CPU
		{FC85ABE3-6CC1-4B66-88F0-507482467E28}.Release|ARM.ActiveCfg = Release|ARM
		{FC85ABE3-6CC1-4B66-88F0-507482467E28}.Release|ARM.Build.0 = Release|ARM
		{FC85ABE3-6CC1-4B66-88F0-507482467E28}.Release|ARM.Deploy.0 = Release|ARM
		{FC85ABE3-6CC1-4B66-88F0-507482467E28}.Release|Mixed Platforms.ActiveCfg = Release|x86
		{FC85ABE3-6CC1-4B66-88F0-507482467E28}.Release|Mixed Platforms.Build.0 = Release|x86
		{FC85ABE3-6CC1-4B66-88F0-507482467E28}.Release|Mixed Platforms.Deploy.0 = Release|x86
		{FC85ABE3-6CC1-4B66-88F0-507482467E28}.Release|x86.ActiveCfg = Release|x86
		{FC85ABE3-6CC1-4B66-88F0-507482467E28}.Release|x86.Build.0 = Release|x86
		{FC85ABE3-6CC1-4B66-88F0-507482467E28}.Release|x86.Deploy.0 = Release|x86
		{9097BBF0-E6EF-4FB6-BF08-07E72A48C66F}.Debug|Any CPU.ActiveCfg = Debug|Any CPU
		{9097BBF0-E6EF-4FB6-BF08-07E72A48C66F}.Debug|Any CPU.Build.0 = Debug|Any CPU
		{9097BBF0-E6EF-4FB6-BF08-07E72A48C66F}.Debug|ARM.ActiveCfg = Debug|ARM
		{9097BBF0-E6EF-4FB6-BF08-07E72A48C66F}.Debug|ARM.Build.0 = Debug|ARM
		{9097BBF0-E6EF-4FB6-BF08-07E72A48C66F}.Debug|Mixed Platforms.ActiveCfg = Debug|x86
		{9097BBF0-E6EF-4FB6-BF08-07E72A48C66F}.Debug|Mixed Platforms.Build.0 = Debug|x86
		{9097BBF0-E6EF-4FB6-BF08-07E72A48C66F}.Debug|x86.ActiveCfg = Debug|x86
		{9097BBF0-E6EF-4FB6-BF08-07E72A48C66F}.Debug|x86.Build.0 = Debug|x86
		{9097BBF0-E6EF-4FB6-BF08-07E72A48C66F}.Release|Any CPU.ActiveCfg = Release|Any CPU
		{9097BBF0-E6EF-4FB6-BF08-07E72A48C66F}.Release|Any CPU.Build.0 = Release|Any CPU
		{9097BBF0-E6EF-4FB6-BF08-07E72A48C66F}.Release|ARM.ActiveCfg = Release|ARM
		{9097BBF0-E6EF-4FB6-BF08-07E72A48C66F}.Release|ARM.Build.0 = Release|ARM
		{9097BBF0-E6EF-4FB6-BF08-07E72A48C66F}.Release|Mixed Platforms.ActiveCfg = Release|x86
		{9097BBF0-E6EF-4FB6-BF08-07E72A48C66F}.Release|Mixed Platforms.Build.0 = Release|x86
		{9097BBF0-E6EF-4FB6-BF08-07E72A48C66F}.Release|x86.ActiveCfg = Release|x86
		{9097BBF0-E6EF-4FB6-BF08-07E72A48C66F}.Release|x86.Build.0 = Release|x86
		{992B3562-C8A3-438B-805E-B9A7BC6FC3A2}.Debug|Any CPU.ActiveCfg = Debug|Any CPU
		{992B3562-C8A3-438B-805E-B9A7BC6FC3A2}.Debug|Any CPU.Build.0 = Debug|Any CPU
		{992B3562-C8A3-438B-805E-B9A7BC6FC3A2}.Debug|ARM.ActiveCfg = Debug|Any CPU
		{992B3562-C8A3-438B-805E-B9A7BC6FC3A2}.Debug|Mixed Platforms.ActiveCfg = Debug|Any CPU
		{992B3562-C8A3-438B-805E-B9A7BC6FC3A2}.Debug|Mixed Platforms.Build.0 = Debug|Any CPU
		{992B3562-C8A3-438B-805E-B9A7BC6FC3A2}.Debug|x86.ActiveCfg = Debug|Any CPU
		{992B3562-C8A3-438B-805E-B9A7BC6FC3A2}.Release|Any CPU.ActiveCfg = Release|Any CPU
		{992B3562-C8A3-438B-805E-B9A7BC6FC3A2}.Release|Any CPU.Build.0 = Release|Any CPU
		{992B3562-C8A3-438B-805E-B9A7BC6FC3A2}.Release|ARM.ActiveCfg = Release|Any CPU
		{992B3562-C8A3-438B-805E-B9A7BC6FC3A2}.Release|Mixed Platforms.ActiveCfg = Release|Any CPU
		{992B3562-C8A3-438B-805E-B9A7BC6FC3A2}.Release|Mixed Platforms.Build.0 = Release|Any CPU
		{992B3562-C8A3-438B-805E-B9A7BC6FC3A2}.Release|x86.ActiveCfg = Release|Any CPU
		{898A87BF-2D7E-4784-8055-07FBCCB81B23}.Debug|Any CPU.ActiveCfg = Debug|Any CPU
		{898A87BF-2D7E-4784-8055-07FBCCB81B23}.Debug|Any CPU.Build.0 = Debug|Any CPU
		{898A87BF-2D7E-4784-8055-07FBCCB81B23}.Debug|Any CPU.Deploy.0 = Debug|Any CPU
		{898A87BF-2D7E-4784-8055-07FBCCB81B23}.Debug|ARM.ActiveCfg = Debug|ARM
		{898A87BF-2D7E-4784-8055-07FBCCB81B23}.Debug|ARM.Build.0 = Debug|ARM
		{898A87BF-2D7E-4784-8055-07FBCCB81B23}.Debug|ARM.Deploy.0 = Debug|ARM
		{898A87BF-2D7E-4784-8055-07FBCCB81B23}.Debug|Mixed Platforms.ActiveCfg = Debug|x86
		{898A87BF-2D7E-4784-8055-07FBCCB81B23}.Debug|Mixed Platforms.Build.0 = Debug|x86
		{898A87BF-2D7E-4784-8055-07FBCCB81B23}.Debug|Mixed Platforms.Deploy.0 = Debug|x86
		{898A87BF-2D7E-4784-8055-07FBCCB81B23}.Debug|x86.ActiveCfg = Debug|x86
		{898A87BF-2D7E-4784-8055-07FBCCB81B23}.Debug|x86.Build.0 = Debug|x86
		{898A87BF-2D7E-4784-8055-07FBCCB81B23}.Debug|x86.Deploy.0 = Debug|x86
		{898A87BF-2D7E-4784-8055-07FBCCB81B23}.Release|Any CPU.ActiveCfg = Release|Any CPU
		{898A87BF-2D7E-4784-8055-07FBCCB81B23}.Release|Any CPU.Build.0 = Release|Any CPU
		{898A87BF-2D7E-4784-8055-07FBCCB81B23}.Release|Any CPU.Deploy.0 = Release|Any CPU
		{898A87BF-2D7E-4784-8055-07FBCCB81B23}.Release|ARM.ActiveCfg = Release|ARM
		{898A87BF-2D7E-4784-8055-07FBCCB81B23}.Release|ARM.Build.0 = Release|ARM
		{898A87BF-2D7E-4784-8055-07FBCCB81B23}.Release|ARM.Deploy.0 = Release|ARM
		{898A87BF-2D7E-4784-8055-07FBCCB81B23}.Release|Mixed Platforms.ActiveCfg = Release|x86
		{898A87BF-2D7E-4784-8055-07FBCCB81B23}.Release|Mixed Platforms.Build.0 = Release|x86
		{898A87BF-2D7E-4784-8055-07FBCCB81B23}.Release|Mixed Platforms.Deploy.0 = Release|x86
		{898A87BF-2D7E-4784-8055-07FBCCB81B23}.Release|x86.ActiveCfg = Release|x86
		{898A87BF-2D7E-4784-8055-07FBCCB81B23}.Release|x86.Build.0 = Release|x86
		{898A87BF-2D7E-4784-8055-07FBCCB81B23}.Release|x86.Deploy.0 = Release|x86
		{B1215AF9-3D3A-47A2-AE58-BB8C5877AA12}.Debug|Any CPU.ActiveCfg = Debug|Any CPU
		{B1215AF9-3D3A-47A2-AE58-BB8C5877AA12}.Debug|Any CPU.Build.0 = Debug|Any CPU
		{B1215AF9-3D3A-47A2-AE58-BB8C5877AA12}.Debug|ARM.ActiveCfg = Debug|Any CPU
		{B1215AF9-3D3A-47A2-AE58-BB8C5877AA12}.Debug|Mixed Platforms.ActiveCfg = Debug|Any CPU
		{B1215AF9-3D3A-47A2-AE58-BB8C5877AA12}.Debug|Mixed Platforms.Build.0 = Debug|Any CPU
		{B1215AF9-3D3A-47A2-AE58-BB8C5877AA12}.Debug|x86.ActiveCfg = Debug|Any CPU
		{B1215AF9-3D3A-47A2-AE58-BB8C5877AA12}.Release|Any CPU.ActiveCfg = Release|Any CPU
		{B1215AF9-3D3A-47A2-AE58-BB8C5877AA12}.Release|Any CPU.Build.0 = Release|Any CPU
		{B1215AF9-3D3A-47A2-AE58-BB8C5877AA12}.Release|ARM.ActiveCfg = Release|Any CPU
		{B1215AF9-3D3A-47A2-AE58-BB8C5877AA12}.Release|Mixed Platforms.ActiveCfg = Release|Any CPU
		{B1215AF9-3D3A-47A2-AE58-BB8C5877AA12}.Release|Mixed Platforms.Build.0 = Release|Any CPU
		{B1215AF9-3D3A-47A2-AE58-BB8C5877AA12}.Release|x86.ActiveCfg = Release|Any CPU
		{7F038195-43EA-4DEF-BA45-F706239ABED9}.Debug|Any CPU.ActiveCfg = Debug|Any CPU
		{7F038195-43EA-4DEF-BA45-F706239ABED9}.Debug|Any CPU.Build.0 = Debug|Any CPU
		{7F038195-43EA-4DEF-BA45-F706239ABED9}.Debug|ARM.ActiveCfg = Debug|Any CPU
		{7F038195-43EA-4DEF-BA45-F706239ABED9}.Debug|Mixed Platforms.ActiveCfg = Debug|Any CPU
		{7F038195-43EA-4DEF-BA45-F706239ABED9}.Debug|Mixed Platforms.Build.0 = Debug|Any CPU
		{7F038195-43EA-4DEF-BA45-F706239ABED9}.Debug|x86.ActiveCfg = Debug|Any CPU
		{7F038195-43EA-4DEF-BA45-F706239ABED9}.Release|Any CPU.ActiveCfg = Release|Any CPU
		{7F038195-43EA-4DEF-BA45-F706239ABED9}.Release|Any CPU.Build.0 = Release|Any CPU
		{7F038195-43EA-4DEF-BA45-F706239ABED9}.Release|ARM.ActiveCfg = Release|Any CPU
		{7F038195-43EA-4DEF-BA45-F706239ABED9}.Release|Mixed Platforms.ActiveCfg = Release|Any CPU
		{7F038195-43EA-4DEF-BA45-F706239ABED9}.Release|Mixed Platforms.Build.0 = Release|Any CPU
		{7F038195-43EA-4DEF-BA45-F706239ABED9}.Release|x86.ActiveCfg = Release|Any CPU
	EndGlobalSection
	GlobalSection(SolutionProperties) = preSolution
		HideSolutionNode = FALSE
	EndGlobalSection
EndGlobal
